// !$*UTF8*$!
{
	archiveVersion = 1;
	classes = {
	};
	objectVersion = 46;
	objects = {

/* Begin PBXBuildFile section */
		300275AC1CD8A19400232840 /* TKSRegion.m in Sources */ = {isa = PBXBuildFile; fileRef = 300275AB1CD8A19400232840 /* TKSRegion.m */; };
		300275AF1CD8A30E00232840 /* TKSDataProvider.m in Sources */ = {isa = PBXBuildFile; fileRef = 300275AE1CD8A30E00232840 /* TKSDataProvider.m */; };
		300275B21CD8A90700232840 /* TKSLocationManager.m in Sources */ = {isa = PBXBuildFile; fileRef = 300275B11CD8A90700232840 /* TKSLocationManager.m */; };
		300A70641D92E80B00D2540B /* TKSPushHandler.m in Sources */ = {isa = PBXBuildFile; fileRef = 300A70631D92E80B00D2540B /* TKSPushHandler.m */; };
		300E8EA31D3B6F7400F99606 /* TKSTaxiProcessor.m in Sources */ = {isa = PBXBuildFile; fileRef = 300E8EA21D3B6F7400F99606 /* TKSTaxiProcessor.m */; };
		301C8C981D5B964F00AAD378 /* TKSTableSectionVM.m in Sources */ = {isa = PBXBuildFile; fileRef = 301C8C971D5B964F00AAD378 /* TKSTableSectionVM.m */; };
		301C8C9C1D5B984600AAD378 /* TKSInputSectionVM.m in Sources */ = {isa = PBXBuildFile; fileRef = 301C8C9B1D5B984600AAD378 /* TKSInputSectionVM.m */; };
		301C8C9F1D5B994100AAD378 /* TKSInputHeaderView.m in Sources */ = {isa = PBXBuildFile; fileRef = 301C8C9E1D5B994100AAD378 /* TKSInputHeaderView.m */; };
		302F91481D36750C00194EB8 /* TKSSuggestListVC.m in Sources */ = {isa = PBXBuildFile; fileRef = 302F91471D36750C00194EB8 /* TKSSuggestListVC.m */; };
		302F97551D36779E00194EB8 /* TKSTableViewCell.m in Sources */ = {isa = PBXBuildFile; fileRef = 302F97541D36779E00194EB8 /* TKSTableViewCell.m */; };
		302F97581D3677F200194EB8 /* TKSSuggestCell.m in Sources */ = {isa = PBXBuildFile; fileRef = 302F97571D3677F200194EB8 /* TKSSuggestCell.m */; };
		302F9A7C1D367D1600194EB8 /* UIViewController+DGSAdditions.m in Sources */ = {isa = PBXBuildFile; fileRef = 302F9A7B1D367D1600194EB8 /* UIViewController+DGSAdditions.m */; };
		302F9A801D36AE0500194EB8 /* TKSHistoryListVC.m in Sources */ = {isa = PBXBuildFile; fileRef = 302F9A7F1D36AE0500194EB8 /* TKSHistoryListVC.m */; };
		302F9A831D36AE1800194EB8 /* TKSHistoryListVM.m in Sources */ = {isa = PBXBuildFile; fileRef = 302F9A821D36AE1800194EB8 /* TKSHistoryListVM.m */; };
		302F9A871D36AEF000194EB8 /* TKSHistoryCell.m in Sources */ = {isa = PBXBuildFile; fileRef = 302F9A861D36AEF000194EB8 /* TKSHistoryCell.m */; };
		302FA0BF1D3A21C300194EB8 /* TKSRootVC.m in Sources */ = {isa = PBXBuildFile; fileRef = 302FA0BE1D3A21C300194EB8 /* TKSRootVC.m */; };
		302FA0C21D3A21D100194EB8 /* TKSRootVM.m in Sources */ = {isa = PBXBuildFile; fileRef = 302FA0C11D3A21D100194EB8 /* TKSRootVM.m */; };
		302FA0C61D3A23E600194EB8 /* DGSErrorBannerView.m in Sources */ = {isa = PBXBuildFile; fileRef = 302FA0C51D3A23E600194EB8 /* DGSErrorBannerView.m */; };
		302FA0CB1D3A23FE00194EB8 /* DGSErrorBannerModel.m in Sources */ = {isa = PBXBuildFile; fileRef = 302FA0C81D3A23FE00194EB8 /* DGSErrorBannerModel.m */; };
		302FA0CC1D3A23FE00194EB8 /* DGSErrorBannerVM.m in Sources */ = {isa = PBXBuildFile; fileRef = 302FA0CA1D3A23FE00194EB8 /* DGSErrorBannerVM.m */; };
		305D5C511CE884D6005CE5D8 /* taxiProviders.json in Resources */ = {isa = PBXBuildFile; fileRef = 305D5C501CE884D6005CE5D8 /* taxiProviders.json */; };
		305D5C551CE8850C005CE5D8 /* testGroupeList.json in Resources */ = {isa = PBXBuildFile; fileRef = 305D5C531CE8850C005CE5D8 /* testGroupeList.json */; };
		305D5C561CE8850C005CE5D8 /* testGroupeSuggest.json in Resources */ = {isa = PBXBuildFile; fileRef = 305D5C541CE8850C005CE5D8 /* testGroupeSuggest.json */; };
		305D5C601CE894AD005CE5D8 /* NSDateFormatter+TKSTaxiProvider.m in Sources */ = {isa = PBXBuildFile; fileRef = 305D5C5F1CE894AD005CE5D8 /* NSDateFormatter+TKSTaxiProvider.m */; };
		305F689F1D2BEA9600A7B1A8 /* TKSPreferences.m in Sources */ = {isa = PBXBuildFile; fileRef = 305F689E1D2BEA9600A7B1A8 /* TKSPreferences.m */; };
		30726CD51D6052A000B03101 /* TKSSuggestCellVM.m in Sources */ = {isa = PBXBuildFile; fileRef = 30726CD41D6052A000B03101 /* TKSSuggestCellVM.m */; };
		309C79A41D6831DB0085ADEA /* TKSTransitionRootToSearchTaxi.m in Sources */ = {isa = PBXBuildFile; fileRef = 309C79A31D6831DB0085ADEA /* TKSTransitionRootToSearchTaxi.m */; };
		309C7CE51D684F840085ADEA /* DGSUIKitMainThreadGuard.m in Sources */ = {isa = PBXBuildFile; fileRef = 309C7CE41D684F840085ADEA /* DGSUIKitMainThreadGuard.m */; };
		309C80261D6858200085ADEA /* SLRTableView.m in Sources */ = {isa = PBXBuildFile; fileRef = 309C80251D6858200085ADEA /* SLRTableView.m */; };
		309C80291D6859970085ADEA /* DGSMailSender.m in Sources */ = {isa = PBXBuildFile; fileRef = 309C80281D6859970085ADEA /* DGSMailSender.m */; };
		309C802C1D685A3A0085ADEA /* UIWindow+SIUtils.m in Sources */ = {isa = PBXBuildFile; fileRef = 309C802B1D685A3A0085ADEA /* UIWindow+SIUtils.m */; };
		30BE43E21D3FFE860084A9DC /* TKSTableViewHeaderFooterView.m in Sources */ = {isa = PBXBuildFile; fileRef = 30BE43E11D3FFE860084A9DC /* TKSTableViewHeaderFooterView.m */; };
		30C794CC1D6077DE00A2462F /* TKSResultsSectionVM.m in Sources */ = {isa = PBXBuildFile; fileRef = 30C794CB1D6077DE00A2462F /* TKSResultsSectionVM.m */; };
		30C794D11D607BBD00A2462F /* TKSTaxiSuggestCellVM.m in Sources */ = {isa = PBXBuildFile; fileRef = 30C794D01D607BBD00A2462F /* TKSTaxiSuggestCellVM.m */; };
		30C794D41D60806300A2462F /* TKSTaxiResults.m in Sources */ = {isa = PBXBuildFile; fileRef = 30C794D31D60806300A2462F /* TKSTaxiResults.m */; };
		30C794D71D608DF900A2462F /* TKSTaxiDefaultCellVM.m in Sources */ = {isa = PBXBuildFile; fileRef = 30C794D61D608DF900A2462F /* TKSTaxiDefaultCellVM.m */; };
		30C794DA1D609E8300A2462F /* TKSTaxiHeaderCell.m in Sources */ = {isa = PBXBuildFile; fileRef = 30C794D91D609E8300A2462F /* TKSTaxiHeaderCell.m */; };
		30C794DD1D609EA500A2462F /* TKSTaxiHeaderCellVM.m in Sources */ = {isa = PBXBuildFile; fileRef = 30C794DC1D609EA500A2462F /* TKSTaxiHeaderCellVM.m */; };
		30E217331D58EBC400B696AC /* TKSSearchTaxiVC.m in Sources */ = {isa = PBXBuildFile; fileRef = 30E217321D58EBC400B696AC /* TKSSearchTaxiVC.m */; };
		30E217361D58EBD600B696AC /* TKSSearchTaxiVM.m in Sources */ = {isa = PBXBuildFile; fileRef = 30E217351D58EBD600B696AC /* TKSSearchTaxiVM.m */; };
		30E2173C1D58EC3800B696AC /* TKSBaseVM.m in Sources */ = {isa = PBXBuildFile; fileRef = 30E2173B1D58EC3800B696AC /* TKSBaseVM.m */; };
		730F64351CD8A0E800A34A33 /* TKSNavigationControllerDelegate.m in Sources */ = {isa = PBXBuildFile; fileRef = 730F64341CD8A0E800A34A33 /* TKSNavigationControllerDelegate.m */; };
		730F643B1CD8B1F400A34A33 /* TKSTextField.m in Sources */ = {isa = PBXBuildFile; fileRef = 730F643A1CD8B1F400A34A33 /* TKSTextField.m */; };
		730F643E1CD8D9FA00A34A33 /* TKSHomeVM.m in Sources */ = {isa = PBXBuildFile; fileRef = 730F643D1CD8D9FA00A34A33 /* TKSHomeVM.m */; };
		730F64411CD8E09F00A34A33 /* TKSSelectCityVM.m in Sources */ = {isa = PBXBuildFile; fileRef = 730F64401CD8E09F00A34A33 /* TKSSelectCityVM.m */; };
		730F64441CD8F87A00A34A33 /* TKSRegionCell.m in Sources */ = {isa = PBXBuildFile; fileRef = 730F64431CD8F87A00A34A33 /* TKSRegionCell.m */; };
		730F64481CD8FAC400A34A33 /* TKSBaseVC.m in Sources */ = {isa = PBXBuildFile; fileRef = 730F64471CD8FAC400A34A33 /* TKSBaseVC.m */; };
		734898E21CD60D3600B218CB /* TKSTaxiSection.m in Sources */ = {isa = PBXBuildFile; fileRef = 734898E11CD60D3600B218CB /* TKSTaxiSection.m */; };
		734898E51CD60D7A00B218CB /* TKSTaxiRow.m in Sources */ = {isa = PBXBuildFile; fileRef = 734898E41CD60D7A00B218CB /* TKSTaxiRow.m */; };
		73489BE71CD6155700B218CB /* TKSSuggestListVM.m in Sources */ = {isa = PBXBuildFile; fileRef = 73489BE61CD6155700B218CB /* TKSSuggestListVM.m */; };
		73489BF01CD61F2700B218CB /* TKSSuggest.m in Sources */ = {isa = PBXBuildFile; fileRef = 73489BEF1CD61F2700B218CB /* TKSSuggest.m */; };
		73489BF31CD6217400B218CB /* TKSSearchVM.m in Sources */ = {isa = PBXBuildFile; fileRef = 73489BF21CD6217400B218CB /* TKSSearchVM.m */; };
		73489BF81CD647AB00B218CB /* TKSTaxiSuggestCell.m in Sources */ = {isa = PBXBuildFile; fileRef = 73489BF71CD647AB00B218CB /* TKSTaxiSuggestCell.m */; };
		73489BFB1CD64E4900B218CB /* TKSTaxiDefaultCell.m in Sources */ = {isa = PBXBuildFile; fileRef = 73489BFA1CD64E4900B218CB /* TKSTaxiDefaultCell.m */; };
		73489C081CD6556600B218CB /* UIFont+DGSCustomFont.m in Sources */ = {isa = PBXBuildFile; fileRef = 73489C071CD6556600B218CB /* UIFont+DGSCustomFont.m */; };
		73489C0E1CD655B200B218CB /* UIColor+DGSCustomColor.m in Sources */ = {isa = PBXBuildFile; fileRef = 73489C0D1CD655B200B218CB /* UIColor+DGSCustomColor.m */; };
		73489C151CD6562000B218CB /* TKSAPIController.m in Sources */ = {isa = PBXBuildFile; fileRef = 73489C111CD6562000B218CB /* TKSAPIController.m */; };
		73489C161CD6562000B218CB /* TKSAPIController+TKSModels.m in Sources */ = {isa = PBXBuildFile; fileRef = 73489C141CD6562000B218CB /* TKSAPIController+TKSModels.m */; };
		73BB0F7C1CCBBB6500E07190 /* main.m in Sources */ = {isa = PBXBuildFile; fileRef = 73BB0F7B1CCBBB6500E07190 /* main.m */; };
		73BB0F7F1CCBBB6500E07190 /* AppDelegate.m in Sources */ = {isa = PBXBuildFile; fileRef = 73BB0F7E1CCBBB6500E07190 /* AppDelegate.m */; };
		73BB0F871CCBBB6500E07190 /* Assets.xcassets in Resources */ = {isa = PBXBuildFile; fileRef = 73BB0F861CCBBB6500E07190 /* Assets.xcassets */; };
		73BB0F8A1CCBBB6500E07190 /* LaunchScreen.storyboard in Resources */ = {isa = PBXBuildFile; fileRef = 73BB0F881CCBBB6500E07190 /* LaunchScreen.storyboard */; };
		73BB0F931CCBC01000E07190 /* TKSHomeVC.m in Sources */ = {isa = PBXBuildFile; fileRef = 73BB0F921CCBC01000E07190 /* TKSHomeVC.m */; };
		73BB12631CCBC3BE00E07190 /* TKSSelectCityVC.m in Sources */ = {isa = PBXBuildFile; fileRef = 73BB12621CCBC3BE00E07190 /* TKSSelectCityVC.m */; };
		73BB126A1CCCA1D400E07190 /* TKSInputView.m in Sources */ = {isa = PBXBuildFile; fileRef = 73BB12691CCCA1D400E07190 /* TKSInputView.m */; };
		73BB126D1CCCA62A00E07190 /* TKSInputVM.m in Sources */ = {isa = PBXBuildFile; fileRef = 73BB126C1CCCA62A00E07190 /* TKSInputVM.m */; };
		FC3147FF6CD04AA92BF4BAE8 /* libPods-Taksa.a in Frameworks */ = {isa = PBXBuildFile; fileRef = A94E06D00BB81B2C2605F862 /* libPods-Taksa.a */; };
/* End PBXBuildFile section */

/* Begin PBXFileReference section */
		210DCD3EA9C244D4277BDE16 /* Pods-Taksa.debug.xcconfig */ = {isa = PBXFileReference; includeInIndex = 1; lastKnownFileType = text.xcconfig; name = "Pods-Taksa.debug.xcconfig"; path = "Pods/Target Support Files/Pods-Taksa/Pods-Taksa.debug.xcconfig"; sourceTree = "<group>"; };
		300275AA1CD8A19400232840 /* TKSRegion.h */ = {isa = PBXFileReference; fileEncoding = 4; lastKnownFileType = sourcecode.c.h; path = TKSRegion.h; sourceTree = "<group>"; };
		300275AB1CD8A19400232840 /* TKSRegion.m */ = {isa = PBXFileReference; fileEncoding = 4; lastKnownFileType = sourcecode.c.objc; path = TKSRegion.m; sourceTree = "<group>"; };
		300275AD1CD8A30E00232840 /* TKSDataProvider.h */ = {isa = PBXFileReference; fileEncoding = 4; lastKnownFileType = sourcecode.c.h; path = TKSDataProvider.h; sourceTree = "<group>"; };
		300275AE1CD8A30E00232840 /* TKSDataProvider.m */ = {isa = PBXFileReference; fileEncoding = 4; lastKnownFileType = sourcecode.c.objc; path = TKSDataProvider.m; sourceTree = "<group>"; };
		300275B01CD8A90700232840 /* TKSLocationManager.h */ = {isa = PBXFileReference; fileEncoding = 4; lastKnownFileType = sourcecode.c.h; path = TKSLocationManager.h; sourceTree = "<group>"; };
		300275B11CD8A90700232840 /* TKSLocationManager.m */ = {isa = PBXFileReference; fileEncoding = 4; lastKnownFileType = sourcecode.c.objc; path = TKSLocationManager.m; sourceTree = "<group>"; };
		300A70611D92D81000D2540B /* Taksa.entitlements */ = {isa = PBXFileReference; lastKnownFileType = text.plist.entitlements; path = Taksa.entitlements; sourceTree = "<group>"; };
		300A70621D92E80B00D2540B /* TKSPushHandler.h */ = {isa = PBXFileReference; fileEncoding = 4; lastKnownFileType = sourcecode.c.h; path = TKSPushHandler.h; sourceTree = "<group>"; };
		300A70631D92E80B00D2540B /* TKSPushHandler.m */ = {isa = PBXFileReference; fileEncoding = 4; lastKnownFileType = sourcecode.c.objc; path = TKSPushHandler.m; sourceTree = "<group>"; };
		300E8EA11D3B6F7400F99606 /* TKSTaxiProcessor.h */ = {isa = PBXFileReference; fileEncoding = 4; lastKnownFileType = sourcecode.c.h; path = TKSTaxiProcessor.h; sourceTree = "<group>"; };
		300E8EA21D3B6F7400F99606 /* TKSTaxiProcessor.m */ = {isa = PBXFileReference; fileEncoding = 4; lastKnownFileType = sourcecode.c.objc; path = TKSTaxiProcessor.m; sourceTree = "<group>"; };
		301C8C961D5B964F00AAD378 /* TKSTableSectionVM.h */ = {isa = PBXFileReference; fileEncoding = 4; lastKnownFileType = sourcecode.c.h; path = TKSTableSectionVM.h; sourceTree = "<group>"; };
		301C8C971D5B964F00AAD378 /* TKSTableSectionVM.m */ = {isa = PBXFileReference; fileEncoding = 4; lastKnownFileType = sourcecode.c.objc; path = TKSTableSectionVM.m; sourceTree = "<group>"; };
		301C8C9A1D5B984600AAD378 /* TKSInputSectionVM.h */ = {isa = PBXFileReference; fileEncoding = 4; lastKnownFileType = sourcecode.c.h; path = TKSInputSectionVM.h; sourceTree = "<group>"; };
		301C8C9B1D5B984600AAD378 /* TKSInputSectionVM.m */ = {isa = PBXFileReference; fileEncoding = 4; lastKnownFileType = sourcecode.c.objc; path = TKSInputSectionVM.m; sourceTree = "<group>"; };
		301C8C9D1D5B994100AAD378 /* TKSInputHeaderView.h */ = {isa = PBXFileReference; fileEncoding = 4; lastKnownFileType = sourcecode.c.h; path = TKSInputHeaderView.h; sourceTree = "<group>"; };
		301C8C9E1D5B994100AAD378 /* TKSInputHeaderView.m */ = {isa = PBXFileReference; fileEncoding = 4; lastKnownFileType = sourcecode.c.objc; path = TKSInputHeaderView.m; sourceTree = "<group>"; };
		302F91461D36750C00194EB8 /* TKSSuggestListVC.h */ = {isa = PBXFileReference; fileEncoding = 4; lastKnownFileType = sourcecode.c.h; path = TKSSuggestListVC.h; sourceTree = "<group>"; };
		302F91471D36750C00194EB8 /* TKSSuggestListVC.m */ = {isa = PBXFileReference; fileEncoding = 4; lastKnownFileType = sourcecode.c.objc; path = TKSSuggestListVC.m; sourceTree = "<group>"; };
		302F97531D36779E00194EB8 /* TKSTableViewCell.h */ = {isa = PBXFileReference; fileEncoding = 4; lastKnownFileType = sourcecode.c.h; path = TKSTableViewCell.h; sourceTree = "<group>"; };
		302F97541D36779E00194EB8 /* TKSTableViewCell.m */ = {isa = PBXFileReference; fileEncoding = 4; lastKnownFileType = sourcecode.c.objc; path = TKSTableViewCell.m; sourceTree = "<group>"; };
		302F97561D3677F200194EB8 /* TKSSuggestCell.h */ = {isa = PBXFileReference; fileEncoding = 4; lastKnownFileType = sourcecode.c.h; path = TKSSuggestCell.h; sourceTree = "<group>"; };
		302F97571D3677F200194EB8 /* TKSSuggestCell.m */ = {isa = PBXFileReference; fileEncoding = 4; lastKnownFileType = sourcecode.c.objc; path = TKSSuggestCell.m; sourceTree = "<group>"; };
		302F9A7A1D367D1600194EB8 /* UIViewController+DGSAdditions.h */ = {isa = PBXFileReference; fileEncoding = 4; lastKnownFileType = sourcecode.c.h; path = "UIViewController+DGSAdditions.h"; sourceTree = "<group>"; };
		302F9A7B1D367D1600194EB8 /* UIViewController+DGSAdditions.m */ = {isa = PBXFileReference; fileEncoding = 4; lastKnownFileType = sourcecode.c.objc; path = "UIViewController+DGSAdditions.m"; sourceTree = "<group>"; };
		302F9A7E1D36AE0500194EB8 /* TKSHistoryListVC.h */ = {isa = PBXFileReference; fileEncoding = 4; lastKnownFileType = sourcecode.c.h; path = TKSHistoryListVC.h; sourceTree = "<group>"; };
		302F9A7F1D36AE0500194EB8 /* TKSHistoryListVC.m */ = {isa = PBXFileReference; fileEncoding = 4; lastKnownFileType = sourcecode.c.objc; path = TKSHistoryListVC.m; sourceTree = "<group>"; };
		302F9A811D36AE1800194EB8 /* TKSHistoryListVM.h */ = {isa = PBXFileReference; fileEncoding = 4; lastKnownFileType = sourcecode.c.h; path = TKSHistoryListVM.h; sourceTree = "<group>"; };
		302F9A821D36AE1800194EB8 /* TKSHistoryListVM.m */ = {isa = PBXFileReference; fileEncoding = 4; lastKnownFileType = sourcecode.c.objc; path = TKSHistoryListVM.m; sourceTree = "<group>"; };
		302F9A851D36AEF000194EB8 /* TKSHistoryCell.h */ = {isa = PBXFileReference; fileEncoding = 4; lastKnownFileType = sourcecode.c.h; path = TKSHistoryCell.h; sourceTree = "<group>"; };
		302F9A861D36AEF000194EB8 /* TKSHistoryCell.m */ = {isa = PBXFileReference; fileEncoding = 4; lastKnownFileType = sourcecode.c.objc; path = TKSHistoryCell.m; sourceTree = "<group>"; };
		302FA0BD1D3A21C300194EB8 /* TKSRootVC.h */ = {isa = PBXFileReference; fileEncoding = 4; lastKnownFileType = sourcecode.c.h; path = TKSRootVC.h; sourceTree = "<group>"; };
		302FA0BE1D3A21C300194EB8 /* TKSRootVC.m */ = {isa = PBXFileReference; fileEncoding = 4; lastKnownFileType = sourcecode.c.objc; path = TKSRootVC.m; sourceTree = "<group>"; };
		302FA0C01D3A21D100194EB8 /* TKSRootVM.h */ = {isa = PBXFileReference; fileEncoding = 4; lastKnownFileType = sourcecode.c.h; path = TKSRootVM.h; sourceTree = "<group>"; };
		302FA0C11D3A21D100194EB8 /* TKSRootVM.m */ = {isa = PBXFileReference; fileEncoding = 4; lastKnownFileType = sourcecode.c.objc; path = TKSRootVM.m; sourceTree = "<group>"; };
		302FA0C41D3A23E600194EB8 /* DGSErrorBannerView.h */ = {isa = PBXFileReference; fileEncoding = 4; lastKnownFileType = sourcecode.c.h; path = DGSErrorBannerView.h; sourceTree = "<group>"; };
		302FA0C51D3A23E600194EB8 /* DGSErrorBannerView.m */ = {isa = PBXFileReference; fileEncoding = 4; lastKnownFileType = sourcecode.c.objc; path = DGSErrorBannerView.m; sourceTree = "<group>"; };
		302FA0C71D3A23FE00194EB8 /* DGSErrorBannerModel.h */ = {isa = PBXFileReference; fileEncoding = 4; lastKnownFileType = sourcecode.c.h; path = DGSErrorBannerModel.h; sourceTree = "<group>"; };
		302FA0C81D3A23FE00194EB8 /* DGSErrorBannerModel.m */ = {isa = PBXFileReference; fileEncoding = 4; lastKnownFileType = sourcecode.c.objc; path = DGSErrorBannerModel.m; sourceTree = "<group>"; };
		302FA0C91D3A23FE00194EB8 /* DGSErrorBannerVM.h */ = {isa = PBXFileReference; fileEncoding = 4; lastKnownFileType = sourcecode.c.h; path = DGSErrorBannerVM.h; sourceTree = "<group>"; };
		302FA0CA1D3A23FE00194EB8 /* DGSErrorBannerVM.m */ = {isa = PBXFileReference; fileEncoding = 4; lastKnownFileType = sourcecode.c.objc; path = DGSErrorBannerVM.m; sourceTree = "<group>"; };
		305D5C501CE884D6005CE5D8 /* taxiProviders.json */ = {isa = PBXFileReference; fileEncoding = 4; lastKnownFileType = text.json; name = taxiProviders.json; path = json/taxiProviders.json; sourceTree = "<group>"; };
		305D5C531CE8850C005CE5D8 /* testGroupeList.json */ = {isa = PBXFileReference; fileEncoding = 4; lastKnownFileType = text.json; name = testGroupeList.json; path = json/testGroupeList.json; sourceTree = "<group>"; };
		305D5C541CE8850C005CE5D8 /* testGroupeSuggest.json */ = {isa = PBXFileReference; fileEncoding = 4; lastKnownFileType = text.json; name = testGroupeSuggest.json; path = json/testGroupeSuggest.json; sourceTree = "<group>"; };
		305D5C5E1CE894AD005CE5D8 /* NSDateFormatter+TKSTaxiProvider.h */ = {isa = PBXFileReference; fileEncoding = 4; lastKnownFileType = sourcecode.c.h; path = "NSDateFormatter+TKSTaxiProvider.h"; sourceTree = "<group>"; };
		305D5C5F1CE894AD005CE5D8 /* NSDateFormatter+TKSTaxiProvider.m */ = {isa = PBXFileReference; fileEncoding = 4; lastKnownFileType = sourcecode.c.objc; path = "NSDateFormatter+TKSTaxiProvider.m"; sourceTree = "<group>"; };
		305F689D1D2BEA9600A7B1A8 /* TKSPreferences.h */ = {isa = PBXFileReference; fileEncoding = 4; lastKnownFileType = sourcecode.c.h; path = TKSPreferences.h; sourceTree = "<group>"; };
		305F689E1D2BEA9600A7B1A8 /* TKSPreferences.m */ = {isa = PBXFileReference; fileEncoding = 4; lastKnownFileType = sourcecode.c.objc; path = TKSPreferences.m; sourceTree = "<group>"; };
		30726CD31D6052A000B03101 /* TKSSuggestCellVM.h */ = {isa = PBXFileReference; fileEncoding = 4; lastKnownFileType = sourcecode.c.h; path = TKSSuggestCellVM.h; sourceTree = "<group>"; };
		30726CD41D6052A000B03101 /* TKSSuggestCellVM.m */ = {isa = PBXFileReference; fileEncoding = 4; lastKnownFileType = sourcecode.c.objc; path = TKSSuggestCellVM.m; sourceTree = "<group>"; };
		309C79A21D6831DB0085ADEA /* TKSTransitionRootToSearchTaxi.h */ = {isa = PBXFileReference; fileEncoding = 4; lastKnownFileType = sourcecode.c.h; path = TKSTransitionRootToSearchTaxi.h; sourceTree = "<group>"; };
		309C79A31D6831DB0085ADEA /* TKSTransitionRootToSearchTaxi.m */ = {isa = PBXFileReference; fileEncoding = 4; lastKnownFileType = sourcecode.c.objc; path = TKSTransitionRootToSearchTaxi.m; sourceTree = "<group>"; };
		309C7CE31D684F840085ADEA /* DGSUIKitMainThreadGuard.h */ = {isa = PBXFileReference; fileEncoding = 4; lastKnownFileType = sourcecode.c.h; path = DGSUIKitMainThreadGuard.h; sourceTree = "<group>"; };
		309C7CE41D684F840085ADEA /* DGSUIKitMainThreadGuard.m */ = {isa = PBXFileReference; fileEncoding = 4; lastKnownFileType = sourcecode.c.objc; path = DGSUIKitMainThreadGuard.m; sourceTree = "<group>"; };
		309C80241D6858200085ADEA /* SLRTableView.h */ = {isa = PBXFileReference; fileEncoding = 4; lastKnownFileType = sourcecode.c.h; path = SLRTableView.h; sourceTree = "<group>"; };
		309C80251D6858200085ADEA /* SLRTableView.m */ = {isa = PBXFileReference; fileEncoding = 4; lastKnownFileType = sourcecode.c.objc; path = SLRTableView.m; sourceTree = "<group>"; };
		309C80271D6859970085ADEA /* DGSMailSender.h */ = {isa = PBXFileReference; fileEncoding = 4; lastKnownFileType = sourcecode.c.h; path = DGSMailSender.h; sourceTree = "<group>"; };
		309C80281D6859970085ADEA /* DGSMailSender.m */ = {isa = PBXFileReference; fileEncoding = 4; lastKnownFileType = sourcecode.c.objc; path = DGSMailSender.m; sourceTree = "<group>"; };
		309C802A1D685A3A0085ADEA /* UIWindow+SIUtils.h */ = {isa = PBXFileReference; fileEncoding = 4; lastKnownFileType = sourcecode.c.h; path = "UIWindow+SIUtils.h"; sourceTree = "<group>"; };
		309C802B1D685A3A0085ADEA /* UIWindow+SIUtils.m */ = {isa = PBXFileReference; fileEncoding = 4; lastKnownFileType = sourcecode.c.objc; path = "UIWindow+SIUtils.m"; sourceTree = "<group>"; };
		30BE43E01D3FFE860084A9DC /* TKSTableViewHeaderFooterView.h */ = {isa = PBXFileReference; fileEncoding = 4; lastKnownFileType = sourcecode.c.h; path = TKSTableViewHeaderFooterView.h; sourceTree = "<group>"; };
		30BE43E11D3FFE860084A9DC /* TKSTableViewHeaderFooterView.m */ = {isa = PBXFileReference; fileEncoding = 4; lastKnownFileType = sourcecode.c.objc; path = TKSTableViewHeaderFooterView.m; sourceTree = "<group>"; };
		30C794CA1D6077DE00A2462F /* TKSResultsSectionVM.h */ = {isa = PBXFileReference; fileEncoding = 4; lastKnownFileType = sourcecode.c.h; path = TKSResultsSectionVM.h; sourceTree = "<group>"; };
		30C794CB1D6077DE00A2462F /* TKSResultsSectionVM.m */ = {isa = PBXFileReference; fileEncoding = 4; lastKnownFileType = sourcecode.c.objc; path = TKSResultsSectionVM.m; sourceTree = "<group>"; };
		30C794CF1D607BBD00A2462F /* TKSTaxiSuggestCellVM.h */ = {isa = PBXFileReference; fileEncoding = 4; lastKnownFileType = sourcecode.c.h; path = TKSTaxiSuggestCellVM.h; sourceTree = "<group>"; };
		30C794D01D607BBD00A2462F /* TKSTaxiSuggestCellVM.m */ = {isa = PBXFileReference; fileEncoding = 4; lastKnownFileType = sourcecode.c.objc; path = TKSTaxiSuggestCellVM.m; sourceTree = "<group>"; };
		30C794D21D60806300A2462F /* TKSTaxiResults.h */ = {isa = PBXFileReference; fileEncoding = 4; lastKnownFileType = sourcecode.c.h; path = TKSTaxiResults.h; sourceTree = "<group>"; };
		30C794D31D60806300A2462F /* TKSTaxiResults.m */ = {isa = PBXFileReference; fileEncoding = 4; lastKnownFileType = sourcecode.c.objc; path = TKSTaxiResults.m; sourceTree = "<group>"; };
		30C794D51D608DF900A2462F /* TKSTaxiDefaultCellVM.h */ = {isa = PBXFileReference; fileEncoding = 4; lastKnownFileType = sourcecode.c.h; path = TKSTaxiDefaultCellVM.h; sourceTree = "<group>"; };
		30C794D61D608DF900A2462F /* TKSTaxiDefaultCellVM.m */ = {isa = PBXFileReference; fileEncoding = 4; lastKnownFileType = sourcecode.c.objc; path = TKSTaxiDefaultCellVM.m; sourceTree = "<group>"; };
		30C794D81D609E8300A2462F /* TKSTaxiHeaderCell.h */ = {isa = PBXFileReference; fileEncoding = 4; lastKnownFileType = sourcecode.c.h; path = TKSTaxiHeaderCell.h; sourceTree = "<group>"; };
		30C794D91D609E8300A2462F /* TKSTaxiHeaderCell.m */ = {isa = PBXFileReference; fileEncoding = 4; lastKnownFileType = sourcecode.c.objc; path = TKSTaxiHeaderCell.m; sourceTree = "<group>"; };
		30C794DB1D609EA500A2462F /* TKSTaxiHeaderCellVM.h */ = {isa = PBXFileReference; fileEncoding = 4; lastKnownFileType = sourcecode.c.h; path = TKSTaxiHeaderCellVM.h; sourceTree = "<group>"; };
		30C794DC1D609EA500A2462F /* TKSTaxiHeaderCellVM.m */ = {isa = PBXFileReference; fileEncoding = 4; lastKnownFileType = sourcecode.c.objc; path = TKSTaxiHeaderCellVM.m; sourceTree = "<group>"; };
		30E217311D58EBC400B696AC /* TKSSearchTaxiVC.h */ = {isa = PBXFileReference; fileEncoding = 4; lastKnownFileType = sourcecode.c.h; path = TKSSearchTaxiVC.h; sourceTree = "<group>"; };
		30E217321D58EBC400B696AC /* TKSSearchTaxiVC.m */ = {isa = PBXFileReference; fileEncoding = 4; lastKnownFileType = sourcecode.c.objc; path = TKSSearchTaxiVC.m; sourceTree = "<group>"; };
		30E217341D58EBD600B696AC /* TKSSearchTaxiVM.h */ = {isa = PBXFileReference; fileEncoding = 4; lastKnownFileType = sourcecode.c.h; path = TKSSearchTaxiVM.h; sourceTree = "<group>"; };
		30E217351D58EBD600B696AC /* TKSSearchTaxiVM.m */ = {isa = PBXFileReference; fileEncoding = 4; lastKnownFileType = sourcecode.c.objc; path = TKSSearchTaxiVM.m; sourceTree = "<group>"; };
		30E2173A1D58EC3800B696AC /* TKSBaseVM.h */ = {isa = PBXFileReference; fileEncoding = 4; lastKnownFileType = sourcecode.c.h; path = TKSBaseVM.h; sourceTree = "<group>"; };
		30E2173B1D58EC3800B696AC /* TKSBaseVM.m */ = {isa = PBXFileReference; fileEncoding = 4; lastKnownFileType = sourcecode.c.objc; path = TKSBaseVM.m; sourceTree = "<group>"; };
		470208B2B914298C29990303 /* Pods-Taksa.release.xcconfig */ = {isa = PBXFileReference; includeInIndex = 1; lastKnownFileType = text.xcconfig; name = "Pods-Taksa.release.xcconfig"; path = "Pods/Target Support Files/Pods-Taksa/Pods-Taksa.release.xcconfig"; sourceTree = "<group>"; };
		730F64331CD8A0E800A34A33 /* TKSNavigationControllerDelegate.h */ = {isa = PBXFileReference; fileEncoding = 4; lastKnownFileType = sourcecode.c.h; path = TKSNavigationControllerDelegate.h; sourceTree = "<group>"; };
		730F64341CD8A0E800A34A33 /* TKSNavigationControllerDelegate.m */ = {isa = PBXFileReference; fileEncoding = 4; lastKnownFileType = sourcecode.c.objc; path = TKSNavigationControllerDelegate.m; sourceTree = "<group>"; };
		730F64391CD8B1F400A34A33 /* TKSTextField.h */ = {isa = PBXFileReference; fileEncoding = 4; lastKnownFileType = sourcecode.c.h; path = TKSTextField.h; sourceTree = "<group>"; };
		730F643A1CD8B1F400A34A33 /* TKSTextField.m */ = {isa = PBXFileReference; fileEncoding = 4; lastKnownFileType = sourcecode.c.objc; path = TKSTextField.m; sourceTree = "<group>"; };
		730F643C1CD8D9FA00A34A33 /* TKSHomeVM.h */ = {isa = PBXFileReference; fileEncoding = 4; lastKnownFileType = sourcecode.c.h; path = TKSHomeVM.h; sourceTree = "<group>"; };
		730F643D1CD8D9FA00A34A33 /* TKSHomeVM.m */ = {isa = PBXFileReference; fileEncoding = 4; lastKnownFileType = sourcecode.c.objc; path = TKSHomeVM.m; sourceTree = "<group>"; };
		730F643F1CD8E09F00A34A33 /* TKSSelectCityVM.h */ = {isa = PBXFileReference; fileEncoding = 4; lastKnownFileType = sourcecode.c.h; path = TKSSelectCityVM.h; sourceTree = "<group>"; };
		730F64401CD8E09F00A34A33 /* TKSSelectCityVM.m */ = {isa = PBXFileReference; fileEncoding = 4; lastKnownFileType = sourcecode.c.objc; path = TKSSelectCityVM.m; sourceTree = "<group>"; };
		730F64421CD8F87A00A34A33 /* TKSRegionCell.h */ = {isa = PBXFileReference; fileEncoding = 4; lastKnownFileType = sourcecode.c.h; path = TKSRegionCell.h; sourceTree = "<group>"; };
		730F64431CD8F87A00A34A33 /* TKSRegionCell.m */ = {isa = PBXFileReference; fileEncoding = 4; lastKnownFileType = sourcecode.c.objc; path = TKSRegionCell.m; sourceTree = "<group>"; };
		730F64461CD8FAC400A34A33 /* TKSBaseVC.h */ = {isa = PBXFileReference; fileEncoding = 4; lastKnownFileType = sourcecode.c.h; path = TKSBaseVC.h; sourceTree = "<group>"; };
		730F64471CD8FAC400A34A33 /* TKSBaseVC.m */ = {isa = PBXFileReference; fileEncoding = 4; lastKnownFileType = sourcecode.c.objc; path = TKSBaseVC.m; sourceTree = "<group>"; };
		734898E01CD60D3600B218CB /* TKSTaxiSection.h */ = {isa = PBXFileReference; fileEncoding = 4; lastKnownFileType = sourcecode.c.h; path = TKSTaxiSection.h; sourceTree = "<group>"; };
		734898E11CD60D3600B218CB /* TKSTaxiSection.m */ = {isa = PBXFileReference; fileEncoding = 4; lastKnownFileType = sourcecode.c.objc; path = TKSTaxiSection.m; sourceTree = "<group>"; };
		734898E31CD60D7A00B218CB /* TKSTaxiRow.h */ = {isa = PBXFileReference; fileEncoding = 4; lastKnownFileType = sourcecode.c.h; path = TKSTaxiRow.h; sourceTree = "<group>"; };
		734898E41CD60D7A00B218CB /* TKSTaxiRow.m */ = {isa = PBXFileReference; fileEncoding = 4; lastKnownFileType = sourcecode.c.objc; path = TKSTaxiRow.m; sourceTree = "<group>"; };
		73489BE51CD6155700B218CB /* TKSSuggestListVM.h */ = {isa = PBXFileReference; fileEncoding = 4; lastKnownFileType = sourcecode.c.h; path = TKSSuggestListVM.h; sourceTree = "<group>"; };
		73489BE61CD6155700B218CB /* TKSSuggestListVM.m */ = {isa = PBXFileReference; fileEncoding = 4; lastKnownFileType = sourcecode.c.objc; path = TKSSuggestListVM.m; sourceTree = "<group>"; };
		73489BED1CD61F2700B218CB /* TKSSerializableProtocol.h */ = {isa = PBXFileReference; fileEncoding = 4; lastKnownFileType = sourcecode.c.h; path = TKSSerializableProtocol.h; sourceTree = "<group>"; };
		73489BEE1CD61F2700B218CB /* TKSSuggest.h */ = {isa = PBXFileReference; fileEncoding = 4; lastKnownFileType = sourcecode.c.h; path = TKSSuggest.h; sourceTree = "<group>"; };
		73489BEF1CD61F2700B218CB /* TKSSuggest.m */ = {isa = PBXFileReference; fileEncoding = 4; lastKnownFileType = sourcecode.c.objc; path = TKSSuggest.m; sourceTree = "<group>"; };
		73489BF11CD6217400B218CB /* TKSSearchVM.h */ = {isa = PBXFileReference; fileEncoding = 4; lastKnownFileType = sourcecode.c.h; path = TKSSearchVM.h; sourceTree = "<group>"; };
		73489BF21CD6217400B218CB /* TKSSearchVM.m */ = {isa = PBXFileReference; fileEncoding = 4; lastKnownFileType = sourcecode.c.objc; path = TKSSearchVM.m; sourceTree = "<group>"; };
		73489BF61CD647AB00B218CB /* TKSTaxiSuggestCell.h */ = {isa = PBXFileReference; fileEncoding = 4; lastKnownFileType = sourcecode.c.h; path = TKSTaxiSuggestCell.h; sourceTree = "<group>"; };
		73489BF71CD647AB00B218CB /* TKSTaxiSuggestCell.m */ = {isa = PBXFileReference; fileEncoding = 4; lastKnownFileType = sourcecode.c.objc; path = TKSTaxiSuggestCell.m; sourceTree = "<group>"; };
		73489BF91CD64E4900B218CB /* TKSTaxiDefaultCell.h */ = {isa = PBXFileReference; fileEncoding = 4; lastKnownFileType = sourcecode.c.h; path = TKSTaxiDefaultCell.h; sourceTree = "<group>"; };
		73489BFA1CD64E4900B218CB /* TKSTaxiDefaultCell.m */ = {isa = PBXFileReference; fileEncoding = 4; lastKnownFileType = sourcecode.c.objc; path = TKSTaxiDefaultCell.m; sourceTree = "<group>"; };
		73489C061CD6556600B218CB /* UIFont+DGSCustomFont.h */ = {isa = PBXFileReference; fileEncoding = 4; lastKnownFileType = sourcecode.c.h; path = "UIFont+DGSCustomFont.h"; sourceTree = "<group>"; };
		73489C071CD6556600B218CB /* UIFont+DGSCustomFont.m */ = {isa = PBXFileReference; fileEncoding = 4; lastKnownFileType = sourcecode.c.objc; path = "UIFont+DGSCustomFont.m"; sourceTree = "<group>"; };
		73489C0C1CD655B200B218CB /* UIColor+DGSCustomColor.h */ = {isa = PBXFileReference; fileEncoding = 4; lastKnownFileType = sourcecode.c.h; path = "UIColor+DGSCustomColor.h"; sourceTree = "<group>"; };
		73489C0D1CD655B200B218CB /* UIColor+DGSCustomColor.m */ = {isa = PBXFileReference; fileEncoding = 4; lastKnownFileType = sourcecode.c.objc; path = "UIColor+DGSCustomColor.m"; sourceTree = "<group>"; };
		73489C101CD6562000B218CB /* TKSAPIController.h */ = {isa = PBXFileReference; fileEncoding = 4; lastKnownFileType = sourcecode.c.h; path = TKSAPIController.h; sourceTree = "<group>"; };
		73489C111CD6562000B218CB /* TKSAPIController.m */ = {isa = PBXFileReference; fileEncoding = 4; lastKnownFileType = sourcecode.c.objc; path = TKSAPIController.m; sourceTree = "<group>"; };
		73489C131CD6562000B218CB /* TKSAPIController+TKSModels.h */ = {isa = PBXFileReference; fileEncoding = 4; lastKnownFileType = sourcecode.c.h; path = "TKSAPIController+TKSModels.h"; sourceTree = "<group>"; };
		73489C141CD6562000B218CB /* TKSAPIController+TKSModels.m */ = {isa = PBXFileReference; fileEncoding = 4; lastKnownFileType = sourcecode.c.objc; path = "TKSAPIController+TKSModels.m"; sourceTree = "<group>"; };
		73BB0F771CCBBB6500E07190 /* Taksa.app */ = {isa = PBXFileReference; explicitFileType = wrapper.application; includeInIndex = 0; path = Taksa.app; sourceTree = BUILT_PRODUCTS_DIR; };
		73BB0F7B1CCBBB6500E07190 /* main.m */ = {isa = PBXFileReference; lastKnownFileType = sourcecode.c.objc; path = main.m; sourceTree = "<group>"; };
		73BB0F7D1CCBBB6500E07190 /* AppDelegate.h */ = {isa = PBXFileReference; lastKnownFileType = sourcecode.c.h; path = AppDelegate.h; sourceTree = "<group>"; };
		73BB0F7E1CCBBB6500E07190 /* AppDelegate.m */ = {isa = PBXFileReference; lastKnownFileType = sourcecode.c.objc; path = AppDelegate.m; sourceTree = "<group>"; };
		73BB0F861CCBBB6500E07190 /* Assets.xcassets */ = {isa = PBXFileReference; lastKnownFileType = folder.assetcatalog; path = Assets.xcassets; sourceTree = "<group>"; };
		73BB0F891CCBBB6500E07190 /* Base */ = {isa = PBXFileReference; lastKnownFileType = file.storyboard; name = Base; path = Base.lproj/LaunchScreen.storyboard; sourceTree = "<group>"; };
		73BB0F8B1CCBBB6500E07190 /* Info.plist */ = {isa = PBXFileReference; lastKnownFileType = text.plist.xml; path = Info.plist; sourceTree = "<group>"; };
		73BB0F911CCBC01000E07190 /* TKSHomeVC.h */ = {isa = PBXFileReference; fileEncoding = 4; lastKnownFileType = sourcecode.c.h; path = TKSHomeVC.h; sourceTree = "<group>"; };
		73BB0F921CCBC01000E07190 /* TKSHomeVC.m */ = {isa = PBXFileReference; fileEncoding = 4; lastKnownFileType = sourcecode.c.objc; path = TKSHomeVC.m; sourceTree = "<group>"; };
		73BB12601CCBC22600E07190 /* Prefix-Header.h */ = {isa = PBXFileReference; lastKnownFileType = sourcecode.c.h; path = "Prefix-Header.h"; sourceTree = "<group>"; };
		73BB12611CCBC3BE00E07190 /* TKSSelectCityVC.h */ = {isa = PBXFileReference; fileEncoding = 4; lastKnownFileType = sourcecode.c.h; path = TKSSelectCityVC.h; sourceTree = "<group>"; };
		73BB12621CCBC3BE00E07190 /* TKSSelectCityVC.m */ = {isa = PBXFileReference; fileEncoding = 4; lastKnownFileType = sourcecode.c.objc; path = TKSSelectCityVC.m; sourceTree = "<group>"; };
		73BB12681CCCA1D400E07190 /* TKSInputView.h */ = {isa = PBXFileReference; fileEncoding = 4; lastKnownFileType = sourcecode.c.h; path = TKSInputView.h; sourceTree = "<group>"; };
		73BB12691CCCA1D400E07190 /* TKSInputView.m */ = {isa = PBXFileReference; fileEncoding = 4; lastKnownFileType = sourcecode.c.objc; path = TKSInputView.m; sourceTree = "<group>"; };
		73BB126B1CCCA62A00E07190 /* TKSInputVM.h */ = {isa = PBXFileReference; fileEncoding = 4; lastKnownFileType = sourcecode.c.h; path = TKSInputVM.h; sourceTree = "<group>"; };
		73BB126C1CCCA62A00E07190 /* TKSInputVM.m */ = {isa = PBXFileReference; fileEncoding = 4; lastKnownFileType = sourcecode.c.objc; path = TKSInputVM.m; sourceTree = "<group>"; };
		A94E06D00BB81B2C2605F862 /* libPods-Taksa.a */ = {isa = PBXFileReference; explicitFileType = archive.ar; includeInIndex = 0; path = "libPods-Taksa.a"; sourceTree = BUILT_PRODUCTS_DIR; };
/* End PBXFileReference section */

/* Begin PBXFrameworksBuildPhase section */
		73BB0F741CCBBB6500E07190 /* Frameworks */ = {
			isa = PBXFrameworksBuildPhase;
			buildActionMask = 2147483647;
			files = (
				FC3147FF6CD04AA92BF4BAE8 /* libPods-Taksa.a in Frameworks */,
			);
			runOnlyForDeploymentPostprocessing = 0;
		};
/* End PBXFrameworksBuildPhase section */

/* Begin PBXGroup section */
		0B74E2ABCBC9D769B4D18653 /* Pods */ = {
			isa = PBXGroup;
			children = (
				210DCD3EA9C244D4277BDE16 /* Pods-Taksa.debug.xcconfig */,
				470208B2B914298C29990303 /* Pods-Taksa.release.xcconfig */,
			);
			name = Pods;
			sourceTree = "<group>";
		};
		301C8C991D5B982400AAD378 /* Header */ = {
			isa = PBXGroup;
			children = (
				73BB12681CCCA1D400E07190 /* TKSInputView.h */,
				73BB12691CCCA1D400E07190 /* TKSInputView.m */,
				73BB126B1CCCA62A00E07190 /* TKSInputVM.h */,
				73BB126C1CCCA62A00E07190 /* TKSInputVM.m */,
				301C8C9D1D5B994100AAD378 /* TKSInputHeaderView.h */,
				301C8C9E1D5B994100AAD378 /* TKSInputHeaderView.m */,
			);
			name = Header;
			sourceTree = "<group>";
		};
		302D8FF71D36722D00195DB3 /* Suggester */ = {
			isa = PBXGroup;
			children = (
				73489BE51CD6155700B218CB /* TKSSuggestListVM.h */,
				73489BE61CD6155700B218CB /* TKSSuggestListVM.m */,
				302F91461D36750C00194EB8 /* TKSSuggestListVC.h */,
				302F91471D36750C00194EB8 /* TKSSuggestListVC.m */,
			);
			name = Suggester;
			sourceTree = "<group>";
		};
		302D8FF81D36725B00195DB3 /* SelectRegion */ = {
			isa = PBXGroup;
			children = (
				302D8FFB1D3672F000195DB3 /* Cell */,
				730F643F1CD8E09F00A34A33 /* TKSSelectCityVM.h */,
				730F64401CD8E09F00A34A33 /* TKSSelectCityVM.m */,
				73BB12611CCBC3BE00E07190 /* TKSSelectCityVC.h */,
				73BB12621CCBC3BE00E07190 /* TKSSelectCityVC.m */,
			);
			name = SelectRegion;
			sourceTree = "<group>";
		};
		302D8FF91D36727300195DB3 /* Common */ = {
			isa = PBXGroup;
			children = (
				302D8FFA1D36727900195DB3 /* TextField */,
				730F64461CD8FAC400A34A33 /* TKSBaseVC.h */,
				730F64471CD8FAC400A34A33 /* TKSBaseVC.m */,
				30E2173A1D58EC3800B696AC /* TKSBaseVM.h */,
				30E2173B1D58EC3800B696AC /* TKSBaseVM.m */,
				302F97531D36779E00194EB8 /* TKSTableViewCell.h */,
				302F97541D36779E00194EB8 /* TKSTableViewCell.m */,
				30BE43E01D3FFE860084A9DC /* TKSTableViewHeaderFooterView.h */,
				30BE43E11D3FFE860084A9DC /* TKSTableViewHeaderFooterView.m */,
			);
			name = Common;
			sourceTree = "<group>";
		};
		302D8FFA1D36727900195DB3 /* TextField */ = {
			isa = PBXGroup;
			children = (
				730F64391CD8B1F400A34A33 /* TKSTextField.h */,
				730F643A1CD8B1F400A34A33 /* TKSTextField.m */,
				73489BF11CD6217400B218CB /* TKSSearchVM.h */,
				73489BF21CD6217400B218CB /* TKSSearchVM.m */,
			);
			name = TextField;
			sourceTree = "<group>";
		};
		302D8FFB1D3672F000195DB3 /* Cell */ = {
			isa = PBXGroup;
			children = (
				730F64421CD8F87A00A34A33 /* TKSRegionCell.h */,
				730F64431CD8F87A00A34A33 /* TKSRegionCell.m */,
			);
			name = Cell;
			sourceTree = "<group>";
		};
		302D8FFE1D36737C00195DB3 /* Home */ = {
			isa = PBXGroup;
			children = (
				73BB0F911CCBC01000E07190 /* TKSHomeVC.h */,
				73BB0F921CCBC01000E07190 /* TKSHomeVC.m */,
				730F643C1CD8D9FA00A34A33 /* TKSHomeVM.h */,
				730F643D1CD8D9FA00A34A33 /* TKSHomeVM.m */,
			);
			name = Home;
			sourceTree = "<group>";
		};
		302F9A7D1D36840600194EB8 /* History */ = {
			isa = PBXGroup;
			children = (
				302F9A841D36AEAB00194EB8 /* Cell */,
				302F9A811D36AE1800194EB8 /* TKSHistoryListVM.h */,
				302F9A821D36AE1800194EB8 /* TKSHistoryListVM.m */,
				302F9A7E1D36AE0500194EB8 /* TKSHistoryListVC.h */,
				302F9A7F1D36AE0500194EB8 /* TKSHistoryListVC.m */,
			);
			name = History;
			sourceTree = "<group>";
		};
		302F9A841D36AEAB00194EB8 /* Cell */ = {
			isa = PBXGroup;
			children = (
				302F9A851D36AEF000194EB8 /* TKSHistoryCell.h */,
				302F9A861D36AEF000194EB8 /* TKSHistoryCell.m */,
			);
			name = Cell;
			sourceTree = "<group>";
		};
		302FA0BC1D3A21A700194EB8 /* Root */ = {
			isa = PBXGroup;
			children = (
				302FA0C31D3A23D300194EB8 /* ErrorBanner */,
				302FA0BD1D3A21C300194EB8 /* TKSRootVC.h */,
				302FA0BE1D3A21C300194EB8 /* TKSRootVC.m */,
				302FA0C01D3A21D100194EB8 /* TKSRootVM.h */,
				302FA0C11D3A21D100194EB8 /* TKSRootVM.m */,
			);
			name = Root;
			sourceTree = "<group>";
		};
		302FA0C31D3A23D300194EB8 /* ErrorBanner */ = {
			isa = PBXGroup;
			children = (
				302FA0C71D3A23FE00194EB8 /* DGSErrorBannerModel.h */,
				302FA0C81D3A23FE00194EB8 /* DGSErrorBannerModel.m */,
				302FA0C91D3A23FE00194EB8 /* DGSErrorBannerVM.h */,
				302FA0CA1D3A23FE00194EB8 /* DGSErrorBannerVM.m */,
				302FA0C41D3A23E600194EB8 /* DGSErrorBannerView.h */,
				302FA0C51D3A23E600194EB8 /* DGSErrorBannerView.m */,
			);
			name = ErrorBanner;
			sourceTree = "<group>";
		};
		305D5C521CE884FE005CE5D8 /* json */ = {
			isa = PBXGroup;
			children = (
				305D5C531CE8850C005CE5D8 /* testGroupeList.json */,
				305D5C541CE8850C005CE5D8 /* testGroupeSuggest.json */,
				305D5C501CE884D6005CE5D8 /* taxiProviders.json */,
			);
			name = json;
			sourceTree = "<group>";
		};
		30726CD21D6051EB00B03101 /* Cells */ = {
			isa = PBXGroup;
			children = (
				302F97561D3677F200194EB8 /* TKSSuggestCell.h */,
				302F97571D3677F200194EB8 /* TKSSuggestCell.m */,
				30726CD31D6052A000B03101 /* TKSSuggestCellVM.h */,
				30726CD41D6052A000B03101 /* TKSSuggestCellVM.m */,
			);
			name = Cells;
			sourceTree = "<group>";
		};
		30C794CD1D6078C600A2462F /* Cells */ = {
			isa = PBXGroup;
			children = (
				73489BF61CD647AB00B218CB /* TKSTaxiSuggestCell.h */,
				73489BF71CD647AB00B218CB /* TKSTaxiSuggestCell.m */,
				30C794D81D609E8300A2462F /* TKSTaxiHeaderCell.h */,
				30C794D91D609E8300A2462F /* TKSTaxiHeaderCell.m */,
				30C794DB1D609EA500A2462F /* TKSTaxiHeaderCellVM.h */,
				30C794DC1D609EA500A2462F /* TKSTaxiHeaderCellVM.m */,
				73489BF91CD64E4900B218CB /* TKSTaxiDefaultCell.h */,
				73489BFA1CD64E4900B218CB /* TKSTaxiDefaultCell.m */,
				30C794D51D608DF900A2462F /* TKSTaxiDefaultCellVM.h */,
				30C794D61D608DF900A2462F /* TKSTaxiDefaultCellVM.m */,
				30C794CF1D607BBD00A2462F /* TKSTaxiSuggestCellVM.h */,
				30C794D01D607BBD00A2462F /* TKSTaxiSuggestCellVM.m */,
			);
			name = Cells;
			sourceTree = "<group>";
		};
		30E2172F1D58E9E800B696AC /* SearchTaxi */ = {
			isa = PBXGroup;
			children = (
				30E217301D58EBA500B696AC /* Sections */,
				30E217341D58EBD600B696AC /* TKSSearchTaxiVM.h */,
				30E217351D58EBD600B696AC /* TKSSearchTaxiVM.m */,
				30E217311D58EBC400B696AC /* TKSSearchTaxiVC.h */,
				30E217321D58EBC400B696AC /* TKSSearchTaxiVC.m */,
				301C8C961D5B964F00AAD378 /* TKSTableSectionVM.h */,
				301C8C971D5B964F00AAD378 /* TKSTableSectionVM.m */,
				309C80241D6858200085ADEA /* SLRTableView.h */,
				309C80251D6858200085ADEA /* SLRTableView.m */,
			);
			name = SearchTaxi;
			sourceTree = "<group>";
		};
		30E217301D58EBA500B696AC /* Sections */ = {
			isa = PBXGroup;
			children = (
				30E217391D58EBF800B696AC /* Results */,
				30E217371D58EBE600B696AC /* Input */,
			);
			name = Sections;
			sourceTree = "<group>";
		};
		30E217371D58EBE600B696AC /* Input */ = {
			isa = PBXGroup;
			children = (
				30726CD21D6051EB00B03101 /* Cells */,
				301C8C991D5B982400AAD378 /* Header */,
				301C8C9A1D5B984600AAD378 /* TKSInputSectionVM.h */,
				301C8C9B1D5B984600AAD378 /* TKSInputSectionVM.m */,
			);
			name = Input;
			sourceTree = "<group>";
		};
		30E217391D58EBF800B696AC /* Results */ = {
			isa = PBXGroup;
			children = (
				30C794CD1D6078C600A2462F /* Cells */,
				30C794CA1D6077DE00A2462F /* TKSResultsSectionVM.h */,
				30C794CB1D6077DE00A2462F /* TKSResultsSectionVM.m */,
				30C794D21D60806300A2462F /* TKSTaxiResults.h */,
				30C794D31D60806300A2462F /* TKSTaxiResults.m */,
			);
			name = Results;
			sourceTree = "<group>";
		};
		730F64321CD8A0C400A34A33 /* Transitions */ = {
			isa = PBXGroup;
			children = (
				730F64331CD8A0E800A34A33 /* TKSNavigationControllerDelegate.h */,
				730F64341CD8A0E800A34A33 /* TKSNavigationControllerDelegate.m */,
				309C79A21D6831DB0085ADEA /* TKSTransitionRootToSearchTaxi.h */,
				309C79A31D6831DB0085ADEA /* TKSTransitionRootToSearchTaxi.m */,
			);
			name = Transitions;
			sourceTree = "<group>";
		};
		73489BE81CD6181E00B218CB /* Models */ = {
			isa = PBXGroup;
			children = (
				300275AA1CD8A19400232840 /* TKSRegion.h */,
				300275AB1CD8A19400232840 /* TKSRegion.m */,
				734898E01CD60D3600B218CB /* TKSTaxiSection.h */,
				734898E11CD60D3600B218CB /* TKSTaxiSection.m */,
				734898E31CD60D7A00B218CB /* TKSTaxiRow.h */,
				734898E41CD60D7A00B218CB /* TKSTaxiRow.m */,
				73489BED1CD61F2700B218CB /* TKSSerializableProtocol.h */,
				73489BEE1CD61F2700B218CB /* TKSSuggest.h */,
				73489BEF1CD61F2700B218CB /* TKSSuggest.m */,
			);
			name = Models;
			sourceTree = "<group>";
		};
		73489BF41CD6477500B218CB /* Views */ = {
			isa = PBXGroup;
			children = (
				30E2172F1D58E9E800B696AC /* SearchTaxi */,
				302FA0BC1D3A21A700194EB8 /* Root */,
				302F9A7D1D36840600194EB8 /* History */,
				302D8FF91D36727300195DB3 /* Common */,
				302D8FFE1D36737C00195DB3 /* Home */,
				302D8FF71D36722D00195DB3 /* Suggester */,
				302D8FF81D36725B00195DB3 /* SelectRegion */,
			);
			name = Views;
			sourceTree = "<group>";
		};
		73489C051CD6554900B218CB /* Utils */ = {
			isa = PBXGroup;
			children = (
				300A70621D92E80B00D2540B /* TKSPushHandler.h */,
				300A70631D92E80B00D2540B /* TKSPushHandler.m */,
				309C80271D6859970085ADEA /* DGSMailSender.h */,
				309C80281D6859970085ADEA /* DGSMailSender.m */,
				309C7CE31D684F840085ADEA /* DGSUIKitMainThreadGuard.h */,
				309C7CE41D684F840085ADEA /* DGSUIKitMainThreadGuard.m */,
				73489C061CD6556600B218CB /* UIFont+DGSCustomFont.h */,
				73489C071CD6556600B218CB /* UIFont+DGSCustomFont.m */,
				73489C0C1CD655B200B218CB /* UIColor+DGSCustomColor.h */,
				73489C0D1CD655B200B218CB /* UIColor+DGSCustomColor.m */,
				305D5C5E1CE894AD005CE5D8 /* NSDateFormatter+TKSTaxiProvider.h */,
				305D5C5F1CE894AD005CE5D8 /* NSDateFormatter+TKSTaxiProvider.m */,
				302F9A7A1D367D1600194EB8 /* UIViewController+DGSAdditions.h */,
				302F9A7B1D367D1600194EB8 /* UIViewController+DGSAdditions.m */,
				309C802A1D685A3A0085ADEA /* UIWindow+SIUtils.h */,
				309C802B1D685A3A0085ADEA /* UIWindow+SIUtils.m */,
			);
			name = Utils;
			sourceTree = "<group>";
		};
		73489C0F1CD6561400B218CB /* Networking */ = {
			isa = PBXGroup;
			children = (
				73489C101CD6562000B218CB /* TKSAPIController.h */,
				73489C111CD6562000B218CB /* TKSAPIController.m */,
				73489C131CD6562000B218CB /* TKSAPIController+TKSModels.h */,
				73489C141CD6562000B218CB /* TKSAPIController+TKSModels.m */,
				300275AD1CD8A30E00232840 /* TKSDataProvider.h */,
				300275AE1CD8A30E00232840 /* TKSDataProvider.m */,
				305F689D1D2BEA9600A7B1A8 /* TKSPreferences.h */,
				305F689E1D2BEA9600A7B1A8 /* TKSPreferences.m */,
				300275B01CD8A90700232840 /* TKSLocationManager.h */,
				300275B11CD8A90700232840 /* TKSLocationManager.m */,
				300E8EA11D3B6F7400F99606 /* TKSTaxiProcessor.h */,
				300E8EA21D3B6F7400F99606 /* TKSTaxiProcessor.m */,
			);
			name = Networking;
			sourceTree = "<group>";
		};
		73BB0F6E1CCBBB6500E07190 = {
			isa = PBXGroup;
			children = (
				73BB0F791CCBBB6500E07190 /* Taksa */,
				73BB0F781CCBBB6500E07190 /* Products */,
				0B74E2ABCBC9D769B4D18653 /* Pods */,
				7EFBFD05DEBB151ED28425D8 /* Frameworks */,
			);
			sourceTree = "<group>";
		};
		73BB0F781CCBBB6500E07190 /* Products */ = {
			isa = PBXGroup;
			children = (
				73BB0F771CCBBB6500E07190 /* Taksa.app */,
			);
			name = Products;
			sourceTree = "<group>";
		};
		73BB0F791CCBBB6500E07190 /* Taksa */ = {
			isa = PBXGroup;
			children = (
				730F64321CD8A0C400A34A33 /* Transitions */,
				73489C0F1CD6561400B218CB /* Networking */,
				73489BE81CD6181E00B218CB /* Models */,
				73489C051CD6554900B218CB /* Utils */,
				73489BF41CD6477500B218CB /* Views */,
				73BB0F7A1CCBBB6500E07190 /* Supporting Files */,
			);
			path = Taksa;
			sourceTree = "<group>";
		};
		73BB0F7A1CCBBB6500E07190 /* Supporting Files */ = {
			isa = PBXGroup;
			children = (
				305D5C521CE884FE005CE5D8 /* json */,
				73BB0F7D1CCBBB6500E07190 /* AppDelegate.h */,
				73BB0F7E1CCBBB6500E07190 /* AppDelegate.m */,
				73BB0F861CCBBB6500E07190 /* Assets.xcassets */,
				73BB0F881CCBBB6500E07190 /* LaunchScreen.storyboard */,
				300A70611D92D81000D2540B /* Taksa.entitlements */,
				73BB0F8B1CCBBB6500E07190 /* Info.plist */,
				73BB12601CCBC22600E07190 /* Prefix-Header.h */,
				73BB0F7B1CCBBB6500E07190 /* main.m */,
			);
			name = "Supporting Files";
			sourceTree = "<group>";
		};
		7EFBFD05DEBB151ED28425D8 /* Frameworks */ = {
			isa = PBXGroup;
			children = (
				A94E06D00BB81B2C2605F862 /* libPods-Taksa.a */,
			);
			name = Frameworks;
			sourceTree = "<group>";
		};
/* End PBXGroup section */

/* Begin PBXNativeTarget section */
		73BB0F761CCBBB6500E07190 /* Taksa */ = {
			isa = PBXNativeTarget;
			buildConfigurationList = 73BB0F8E1CCBBB6500E07190 /* Build configuration list for PBXNativeTarget "Taksa" */;
			buildPhases = (
				4033ACC03D3922D31C9A67F8 /* [CP] Check Pods Manifest.lock */,
				73BB0F731CCBBB6500E07190 /* Sources */,
				73BB0F741CCBBB6500E07190 /* Frameworks */,
				73BB0F751CCBBB6500E07190 /* Resources */,
				68AFD6243B6FE277798C543B /* [CP] Embed Pods Frameworks */,
				8A2627F0D7AAF8E0FFFBB2F7 /* [CP] Copy Pods Resources */,
				309C802D1D686AFA0085ADEA /* ShellScript */,
			);
			buildRules = (
			);
			dependencies = (
			);
			name = Taksa;
			productName = Taksa;
			productReference = 73BB0F771CCBBB6500E07190 /* Taksa.app */;
			productType = "com.apple.product-type.application";
		};
/* End PBXNativeTarget section */

/* Begin PBXProject section */
		73BB0F6F1CCBBB6500E07190 /* Project object */ = {
			isa = PBXProject;
			attributes = {
				LastUpgradeCheck = 0800;
				ORGANIZATIONNAME = "Eugene Tutuev";
				TargetAttributes = {
					73BB0F761CCBBB6500E07190 = {
						CreatedOnToolsVersion = 7.3;
						DevelopmentTeam = 695938Y5Q8;
						ProvisioningStyle = Manual;
						SystemCapabilities = {
							com.apple.Push = {
								enabled = 1;
							};
						};
					};
				};
			};
			buildConfigurationList = 73BB0F721CCBBB6500E07190 /* Build configuration list for PBXProject "Taksa" */;
			compatibilityVersion = "Xcode 3.2";
			developmentRegion = English;
			hasScannedForEncodings = 0;
			knownRegions = (
				en,
				Base,
			);
			mainGroup = 73BB0F6E1CCBBB6500E07190;
			productRefGroup = 73BB0F781CCBBB6500E07190 /* Products */;
			projectDirPath = "";
			projectRoot = "";
			targets = (
				73BB0F761CCBBB6500E07190 /* Taksa */,
			);
		};
/* End PBXProject section */

/* Begin PBXResourcesBuildPhase section */
		73BB0F751CCBBB6500E07190 /* Resources */ = {
			isa = PBXResourcesBuildPhase;
			buildActionMask = 2147483647;
			files = (
				73BB0F8A1CCBBB6500E07190 /* LaunchScreen.storyboard in Resources */,
				305D5C551CE8850C005CE5D8 /* testGroupeList.json in Resources */,
				305D5C511CE884D6005CE5D8 /* taxiProviders.json in Resources */,
				305D5C561CE8850C005CE5D8 /* testGroupeSuggest.json in Resources */,
				73BB0F871CCBBB6500E07190 /* Assets.xcassets in Resources */,
			);
			runOnlyForDeploymentPostprocessing = 0;
		};
/* End PBXResourcesBuildPhase section */

/* Begin PBXShellScriptBuildPhase section */
		309C802D1D686AFA0085ADEA /* ShellScript */ = {
			isa = PBXShellScriptBuildPhase;
			buildActionMask = 2147483647;
			files = (
			);
			inputPaths = (
			);
			outputPaths = (
			);
			runOnlyForDeploymentPostprocessing = 0;
			shellPath = /bin/sh;
			shellScript = "\"${PODS_ROOT}/Fabric/run\" 1ea87b52b1d0946ed506dcc3bd5b586f422bf03a 24581047190989dd3b32483cd77da4a030cb7d2ed58171c008823f918c327652";
		};
		4033ACC03D3922D31C9A67F8 /* [CP] Check Pods Manifest.lock */ = {
			isa = PBXShellScriptBuildPhase;
			buildActionMask = 2147483647;
			files = (
			);
			inputPaths = (
			);
			name = "[CP] Check Pods Manifest.lock";
			outputPaths = (
			);
			runOnlyForDeploymentPostprocessing = 0;
			shellPath = /bin/sh;
			shellScript = "diff \"${PODS_ROOT}/../Podfile.lock\" \"${PODS_ROOT}/Manifest.lock\" > /dev/null\nif [ $? != 0 ] ; then\n    # print error to STDERR\n    echo \"error: The sandbox is not in sync with the Podfile.lock. Run 'pod install' or update your CocoaPods installation.\" >&2\n    exit 1\nfi\n";
			showEnvVarsInLog = 0;
		};
		68AFD6243B6FE277798C543B /* [CP] Embed Pods Frameworks */ = {
			isa = PBXShellScriptBuildPhase;
			buildActionMask = 2147483647;
			files = (
			);
			inputPaths = (
			);
			name = "[CP] Embed Pods Frameworks";
			outputPaths = (
			);
			runOnlyForDeploymentPostprocessing = 0;
			shellPath = /bin/sh;
			shellScript = "\"${SRCROOT}/Pods/Target Support Files/Pods-Taksa/Pods-Taksa-frameworks.sh\"\n";
			showEnvVarsInLog = 0;
		};
		8A2627F0D7AAF8E0FFFBB2F7 /* [CP] Copy Pods Resources */ = {
			isa = PBXShellScriptBuildPhase;
			buildActionMask = 2147483647;
			files = (
			);
			inputPaths = (
			);
			name = "[CP] Copy Pods Resources";
			outputPaths = (
			);
			runOnlyForDeploymentPostprocessing = 0;
			shellPath = /bin/sh;
			shellScript = "\"${SRCROOT}/Pods/Target Support Files/Pods-Taksa/Pods-Taksa-resources.sh\"\n";
			showEnvVarsInLog = 0;
		};
/* End PBXShellScriptBuildPhase section */

/* Begin PBXSourcesBuildPhase section */
		73BB0F731CCBBB6500E07190 /* Sources */ = {
			isa = PBXSourcesBuildPhase;
			buildActionMask = 2147483647;
			files = (
				30E2173C1D58EC3800B696AC /* TKSBaseVM.m in Sources */,
				302F97551D36779E00194EB8 /* TKSTableViewCell.m in Sources */,
				730F64441CD8F87A00A34A33 /* TKSRegionCell.m in Sources */,
				73489C161CD6562000B218CB /* TKSAPIController+TKSModels.m in Sources */,
				30BE43E21D3FFE860084A9DC /* TKSTableViewHeaderFooterView.m in Sources */,
				302F91481D36750C00194EB8 /* TKSSuggestListVC.m in Sources */,
				309C7CE51D684F840085ADEA /* DGSUIKitMainThreadGuard.m in Sources */,
				30C794D11D607BBD00A2462F /* TKSTaxiSuggestCellVM.m in Sources */,
				302F97581D3677F200194EB8 /* TKSSuggestCell.m in Sources */,
				302FA0BF1D3A21C300194EB8 /* TKSRootVC.m in Sources */,
				302FA0CC1D3A23FE00194EB8 /* DGSErrorBannerVM.m in Sources */,
				73BB126D1CCCA62A00E07190 /* TKSInputVM.m in Sources */,
				302FA0C61D3A23E600194EB8 /* DGSErrorBannerView.m in Sources */,
				730F64411CD8E09F00A34A33 /* TKSSelectCityVM.m in Sources */,
				300275B21CD8A90700232840 /* TKSLocationManager.m in Sources */,
				730F643E1CD8D9FA00A34A33 /* TKSHomeVM.m in Sources */,
				305F689F1D2BEA9600A7B1A8 /* TKSPreferences.m in Sources */,
				73489C151CD6562000B218CB /* TKSAPIController.m in Sources */,
				302F9A801D36AE0500194EB8 /* TKSHistoryListVC.m in Sources */,
				302F9A871D36AEF000194EB8 /* TKSHistoryCell.m in Sources */,
				73489BF01CD61F2700B218CB /* TKSSuggest.m in Sources */,
				300275AF1CD8A30E00232840 /* TKSDataProvider.m in Sources */,
				309C79A41D6831DB0085ADEA /* TKSTransitionRootToSearchTaxi.m in Sources */,
				302FA0CB1D3A23FE00194EB8 /* DGSErrorBannerModel.m in Sources */,
				300275AC1CD8A19400232840 /* TKSRegion.m in Sources */,
				30C794DA1D609E8300A2462F /* TKSTaxiHeaderCell.m in Sources */,
				73BB12631CCBC3BE00E07190 /* TKSSelectCityVC.m in Sources */,
				734898E51CD60D7A00B218CB /* TKSTaxiRow.m in Sources */,
				73489C0E1CD655B200B218CB /* UIColor+DGSCustomColor.m in Sources */,
				73489BFB1CD64E4900B218CB /* TKSTaxiDefaultCell.m in Sources */,
				73489C081CD6556600B218CB /* UIFont+DGSCustomFont.m in Sources */,
				73BB0F931CCBC01000E07190 /* TKSHomeVC.m in Sources */,
				73489BE71CD6155700B218CB /* TKSSuggestListVM.m in Sources */,
				730F64351CD8A0E800A34A33 /* TKSNavigationControllerDelegate.m in Sources */,
				302FA0C21D3A21D100194EB8 /* TKSRootVM.m in Sources */,
				302F9A7C1D367D1600194EB8 /* UIViewController+DGSAdditions.m in Sources */,
				301C8C9F1D5B994100AAD378 /* TKSInputHeaderView.m in Sources */,
				730F64481CD8FAC400A34A33 /* TKSBaseVC.m in Sources */,
				300E8EA31D3B6F7400F99606 /* TKSTaxiProcessor.m in Sources */,
				734898E21CD60D3600B218CB /* TKSTaxiSection.m in Sources */,
				301C8C981D5B964F00AAD378 /* TKSTableSectionVM.m in Sources */,
				309C80291D6859970085ADEA /* DGSMailSender.m in Sources */,
				730F643B1CD8B1F400A34A33 /* TKSTextField.m in Sources */,
				301C8C9C1D5B984600AAD378 /* TKSInputSectionVM.m in Sources */,
				73489BF81CD647AB00B218CB /* TKSTaxiSuggestCell.m in Sources */,
				73BB126A1CCCA1D400E07190 /* TKSInputView.m in Sources */,
				73489BF31CD6217400B218CB /* TKSSearchVM.m in Sources */,
				30C794D41D60806300A2462F /* TKSTaxiResults.m in Sources */,
				30E217331D58EBC400B696AC /* TKSSearchTaxiVC.m in Sources */,
				305D5C601CE894AD005CE5D8 /* NSDateFormatter+TKSTaxiProvider.m in Sources */,
				302F9A831D36AE1800194EB8 /* TKSHistoryListVM.m in Sources */,
				73BB0F7F1CCBBB6500E07190 /* AppDelegate.m in Sources */,
				30E217361D58EBD600B696AC /* TKSSearchTaxiVM.m in Sources */,
				300A70641D92E80B00D2540B /* TKSPushHandler.m in Sources */,
				30C794D71D608DF900A2462F /* TKSTaxiDefaultCellVM.m in Sources */,
				73BB0F7C1CCBBB6500E07190 /* main.m in Sources */,
				30C794DD1D609EA500A2462F /* TKSTaxiHeaderCellVM.m in Sources */,
				30726CD51D6052A000B03101 /* TKSSuggestCellVM.m in Sources */,
				309C80261D6858200085ADEA /* SLRTableView.m in Sources */,
				30C794CC1D6077DE00A2462F /* TKSResultsSectionVM.m in Sources */,
				309C802C1D685A3A0085ADEA /* UIWindow+SIUtils.m in Sources */,
			);
			runOnlyForDeploymentPostprocessing = 0;
		};
/* End PBXSourcesBuildPhase section */

/* Begin PBXVariantGroup section */
		73BB0F881CCBBB6500E07190 /* LaunchScreen.storyboard */ = {
			isa = PBXVariantGroup;
			children = (
				73BB0F891CCBBB6500E07190 /* Base */,
			);
			name = LaunchScreen.storyboard;
			sourceTree = "<group>";
		};
/* End PBXVariantGroup section */

/* Begin XCBuildConfiguration section */
		73BB0F8C1CCBBB6500E07190 /* Debug */ = {
			isa = XCBuildConfiguration;
			buildSettings = {
				ALWAYS_SEARCH_USER_PATHS = NO;
				CLANG_ANALYZER_NONNULL = YES;
				CLANG_CXX_LANGUAGE_STANDARD = "gnu++0x";
				CLANG_CXX_LIBRARY = "libc++";
				CLANG_ENABLE_MODULES = YES;
				CLANG_ENABLE_OBJC_ARC = YES;
				CLANG_WARN_BOOL_CONVERSION = YES;
				CLANG_WARN_CONSTANT_CONVERSION = YES;
				CLANG_WARN_DIRECT_OBJC_ISA_USAGE = YES_ERROR;
				CLANG_WARN_EMPTY_BODY = YES;
				CLANG_WARN_ENUM_CONVERSION = YES;
				CLANG_WARN_INFINITE_RECURSION = YES;
				CLANG_WARN_INT_CONVERSION = YES;
				CLANG_WARN_OBJC_ROOT_CLASS = YES_ERROR;
				CLANG_WARN_SUSPICIOUS_MOVE = YES;
				CLANG_WARN_UNREACHABLE_CODE = YES;
				CLANG_WARN__DUPLICATE_METHOD_MATCH = YES;
				"CODE_SIGN_IDENTITY[sdk=iphoneos*]" = "iPhone Developer";
				COPY_PHASE_STRIP = NO;
				DEBUG_INFORMATION_FORMAT = dwarf;
				ENABLE_STRICT_OBJC_MSGSEND = YES;
				ENABLE_TESTABILITY = YES;
				GCC_C_LANGUAGE_STANDARD = gnu99;
				GCC_DYNAMIC_NO_PIC = NO;
				GCC_NO_COMMON_BLOCKS = YES;
				GCC_OPTIMIZATION_LEVEL = 0;
				GCC_PREPROCESSOR_DEFINITIONS = (
					"DEBUG=1",
					"$(inherited)",
				);
				GCC_WARN_64_TO_32_BIT_CONVERSION = YES;
				GCC_WARN_ABOUT_RETURN_TYPE = YES_ERROR;
				GCC_WARN_UNDECLARED_SELECTOR = YES;
				GCC_WARN_UNINITIALIZED_AUTOS = YES_AGGRESSIVE;
				GCC_WARN_UNUSED_FUNCTION = YES;
				GCC_WARN_UNUSED_VARIABLE = YES;
				IPHONEOS_DEPLOYMENT_TARGET = 8.0;
				MTL_ENABLE_DEBUG_INFO = YES;
				ONLY_ACTIVE_ARCH = YES;
				SDKROOT = iphoneos;
			};
			name = Debug;
		};
		73BB0F8D1CCBBB6500E07190 /* Release */ = {
			isa = XCBuildConfiguration;
			buildSettings = {
				ALWAYS_SEARCH_USER_PATHS = NO;
				CLANG_ANALYZER_NONNULL = YES;
				CLANG_CXX_LANGUAGE_STANDARD = "gnu++0x";
				CLANG_CXX_LIBRARY = "libc++";
				CLANG_ENABLE_MODULES = YES;
				CLANG_ENABLE_OBJC_ARC = YES;
				CLANG_WARN_BOOL_CONVERSION = YES;
				CLANG_WARN_CONSTANT_CONVERSION = YES;
				CLANG_WARN_DIRECT_OBJC_ISA_USAGE = YES_ERROR;
				CLANG_WARN_EMPTY_BODY = YES;
				CLANG_WARN_ENUM_CONVERSION = YES;
				CLANG_WARN_INFINITE_RECURSION = YES;
				CLANG_WARN_INT_CONVERSION = YES;
				CLANG_WARN_OBJC_ROOT_CLASS = YES_ERROR;
				CLANG_WARN_SUSPICIOUS_MOVE = YES;
				CLANG_WARN_UNREACHABLE_CODE = YES;
				CLANG_WARN__DUPLICATE_METHOD_MATCH = YES;
				"CODE_SIGN_IDENTITY[sdk=iphoneos*]" = "iPhone Developer";
				COPY_PHASE_STRIP = NO;
				DEBUG_INFORMATION_FORMAT = "dwarf-with-dsym";
				ENABLE_NS_ASSERTIONS = NO;
				ENABLE_STRICT_OBJC_MSGSEND = YES;
				GCC_C_LANGUAGE_STANDARD = gnu99;
				GCC_NO_COMMON_BLOCKS = YES;
				GCC_WARN_64_TO_32_BIT_CONVERSION = YES;
				GCC_WARN_ABOUT_RETURN_TYPE = YES_ERROR;
				GCC_WARN_UNDECLARED_SELECTOR = YES;
				GCC_WARN_UNINITIALIZED_AUTOS = YES_AGGRESSIVE;
				GCC_WARN_UNUSED_FUNCTION = YES;
				GCC_WARN_UNUSED_VARIABLE = YES;
				IPHONEOS_DEPLOYMENT_TARGET = 8.0;
				MTL_ENABLE_DEBUG_INFO = NO;
				SDKROOT = iphoneos;
				VALIDATE_PRODUCT = YES;
			};
			name = Release;
		};
		73BB0F8F1CCBBB6500E07190 /* Debug */ = {
			isa = XCBuildConfiguration;
			baseConfigurationReference = 210DCD3EA9C244D4277BDE16 /* Pods-Taksa.debug.xcconfig */;
			buildSettings = {
				ASSETCATALOG_COMPILER_APPICON_NAME = AppIcon;
				CODE_SIGN_ENTITLEMENTS = Taksa/Taksa.entitlements;
				CODE_SIGN_IDENTITY = "iPhone Developer";
				"CODE_SIGN_IDENTITY[sdk=iphoneos*]" = "iPhone Distribution";
				DEBUG_INFORMATION_FORMAT = "dwarf-with-dsym";
				DEVELOPMENT_TEAM = 695938Y5Q8;
				GCC_PREFIX_HEADER = "Taksa/Prefix-Header.h";
				INFOPLIST_FILE = Taksa/Info.plist;
				IPHONEOS_DEPLOYMENT_TARGET = 8.0;
				LD_RUNPATH_SEARCH_PATHS = "$(inherited) @executable_path/Frameworks";
				PRODUCT_BUNDLE_IDENTIFIER = ru.doublegis.taksa;
				PRODUCT_NAME = "$(TARGET_NAME)";
				PROVISIONING_PROFILE = "7c3ef491-21c3-431f-8fc0-f9f0357a00c6";
				PROVISIONING_PROFILE_SPECIFIER = "taks adhoc";
				TARGETED_DEVICE_FAMILY = 1;
			};
			name = Debug;
		};
		73BB0F901CCBBB6500E07190 /* Release */ = {
			isa = XCBuildConfiguration;
			baseConfigurationReference = 470208B2B914298C29990303 /* Pods-Taksa.release.xcconfig */;
			buildSettings = {
				ASSETCATALOG_COMPILER_APPICON_NAME = AppIcon;
				CODE_SIGN_ENTITLEMENTS = Taksa/Taksa.entitlements;
				CODE_SIGN_IDENTITY = "iPhone Developer";
				"CODE_SIGN_IDENTITY[sdk=iphoneos*]" = "iPhone Distribution: LLC \"DoubleGIS\" (695938Y5Q8)";
				DEVELOPMENT_TEAM = 695938Y5Q8;
				GCC_PREFIX_HEADER = "Taksa/Prefix-Header.h";
				INFOPLIST_FILE = Taksa/Info.plist;
				IPHONEOS_DEPLOYMENT_TARGET = 8.0;
				LD_RUNPATH_SEARCH_PATHS = "$(inherited) @executable_path/Frameworks";
				PRODUCT_BUNDLE_IDENTIFIER = ru.doublegis.taksa;
				PRODUCT_NAME = "$(TARGET_NAME)";
				PROVISIONING_PROFILE = "a132bef8-3127-413a-b3f9-b1f1d2aec577";
				PROVISIONING_PROFILE_SPECIFIER = "Taksa AppStore";
				TARGETED_DEVICE_FAMILY = 1;
			};
			name = Release;
		};
/* End XCBuildConfiguration section */

/* Begin XCConfigurationList section */
		73BB0F721CCBBB6500E07190 /* Build configuration list for PBXProject "Taksa" */ = {
			isa = XCConfigurationList;
			buildConfigurations = (
				73BB0F8C1CCBBB6500E07190 /* Debug */,
				73BB0F8D1CCBBB6500E07190 /* Release */,
			);
			defaultConfigurationIsVisible = 0;
			defaultConfigurationName = Release;
		};
		73BB0F8E1CCBBB6500E07190 /* Build configuration list for PBXNativeTarget "Taksa" */ = {
			isa = XCConfigurationList;
			buildConfigurations = (
				73BB0F8F1CCBBB6500E07190 /* Debug */,
				73BB0F901CCBBB6500E07190 /* Release */,
			);
			defaultConfigurationIsVisible = 0;
			defaultConfigurationName = Release;
		};
/* End XCConfigurationList section */
	};
	rootObject = 73BB0F6F1CCBBB6500E07190 /* Project object */;
}
